
Microsoft Visual Studio Solution File, Format Version 12.00
# Visual Studio Version 16
VisualStudioVersion = 16.0.29418.71
MinimumVisualStudioVersion = 10.0.40219.1
Project("{9A19103F-16F7-4668-BE54-9A1E7A4F7556}") = "Bridge.One", "Bridge.One\Bridge.One.csproj", "{110F3CD8-B1E0-4526-8740-3AFAA8019506}"
EndProject
Project("{9A19103F-16F7-4668-BE54-9A1E7A4F7556}") = "Bridge.Two", "Bridge.Two\Bridge.Two.csproj", "{E5DAED76-290E-42EE-8FDD-69B2A28DBE45}"
EndProject
Project("{9A19103F-16F7-4668-BE54-9A1E7A4F7556}") = "decorator.two", "decorator.two\decorator.two.csproj", "{7EC1ACDD-FB96-4555-BF31-D74B56780C38}"
EndProject
Project("{9A19103F-16F7-4668-BE54-9A1E7A4F7556}") = "decorator.one", "decorator.one\decorator.one.csproj", "{138AD75C-F2FE-4CB8-A981-8A63E62907D6}"
EndProject
Project("{9A19103F-16F7-4668-BE54-9A1E7A4F7556}") = "Patron Composite", "Patron Composite\Patron Composite.csproj", "{58B011BC-E1C3-4CB2-AAA5-1920F97DB3ED}"
EndProject
Project("{FAE04EC0-301F-11D3-BF4B-00C04F79EFBC}") = "AdapterPattern", "..\..\..\..\Desktop\DOCS 2019-II\Patron Creational Prototype\creational-design-patterns-csharp-master\PatternAdapter\AdapterPattern.csproj", "{43EF9EA7-998D-4AF4-A2AC-040A5041F3EB}"
EndProject
Global
	GlobalSection(SolutionConfigurationPlatforms) = preSolution
		Debug|Any CPU = Debug|Any CPU
		Release|Any CPU = Release|Any CPU
	EndGlobalSection
	GlobalSection(ProjectConfigurationPlatforms) = postSolution
		{110F3CD8-B1E0-4526-8740-3AFAA8019506}.Debug|Any CPU.ActiveCfg = Debug|Any CPU
		{110F3CD8-B1E0-4526-8740-3AFAA8019506}.Debug|Any CPU.Build.0 = Debug|Any CPU
		{110F3CD8-B1E0-4526-8740-3AFAA8019506}.Release|Any CPU.ActiveCfg = Release|Any CPU
		{110F3CD8-B1E0-4526-8740-3AFAA8019506}.Release|Any CPU.Build.0 = Release|Any CPU
		{E5DAED76-290E-42EE-8FDD-69B2A28DBE45}.Debug|Any CPU.ActiveCfg = Debug|Any CPU
		{E5DAED76-290E-42EE-8FDD-69B2A28DBE45}.Debug|Any CPU.Build.0 = Debug|Any CPU
		{E5DAED76-290E-42EE-8FDD-69B2A28DBE45}.Release|Any CPU.ActiveCfg = Release|Any CPU
		{E5DAED76-290E-42EE-8FDD-69B2A28DBE45}.Release|Any CPU.Build.0 = Release|Any CPU
		{7EC1ACDD-FB96-4555-BF31-D74B56780C38}.Debug|Any CPU.ActiveCfg = Debug|Any CPU
		{7EC1ACDD-FB96-4555-BF31-D74B56780C38}.Debug|Any CPU.Build.0 = Debug|Any CPU
		{7EC1ACDD-FB96-4555-BF31-D74B56780C38}.Release|Any CPU.ActiveCfg = Release|Any CPU
		{7EC1ACDD-FB96-4555-BF31-D74B56780C38}.Release|Any CPU.Build.0 = Release|Any CPU
		{138AD75C-F2FE-4CB8-A981-8A63E62907D6}.Debug|Any CPU.ActiveCfg = Debug|Any CPU
		{138AD75C-F2FE-4CB8-A981-8A63E62907D6}.Debug|Any CPU.Build.0 = Debug|Any CPU
		{138AD75C-F2FE-4CB8-A981-8A63E62907D6}.Release|Any CPU.ActiveCfg = Release|Any CPU
		{138AD75C-F2FE-4CB8-A981-8A63E62907D6}.Release|Any CPU.Build.0 = Release|Any CPU
		{58B011BC-E1C3-4CB2-AAA5-1920F97DB3ED}.Debug|Any CPU.ActiveCfg = Debug|Any CPU
		{58B011BC-E1C3-4CB2-AAA5-1920F97DB3ED}.Debug|Any CPU.Build.0 = Debug|Any CPU
		{58B011BC-E1C3-4CB2-AAA5-1920F97DB3ED}.Release|Any CPU.ActiveCfg = Release|Any CPU
		{58B011BC-E1C3-4CB2-AAA5-1920F97DB3ED}.Release|Any CPU.Build.0 = Release|Any CPU
		{43EF9EA7-998D-4AF4-A2AC-040A5041F3EB}.Debug|Any CPU.ActiveCfg = Debug|Any CPU
		{43EF9EA7-998D-4AF4-A2AC-040A5041F3EB}.Debug|Any CPU.Build.0 = Debug|Any CPU
		{43EF9EA7-998D-4AF4-A2AC-040A5041F3EB}.Release|Any CPU.ActiveCfg = Release|Any CPU
		{43EF9EA7-998D-4AF4-A2AC-040A5041F3EB}.Release|Any CPU.Build.0 = Release|Any CPU
	EndGlobalSection
	GlobalSection(SolutionProperties) = preSolution
		HideSolutionNode = FALSE
	EndGlobalSection
	GlobalSection(ExtensibilityGlobals) = postSolution
		SolutionGuid = {DAA354C1-30A3-4FA6-B5C2-D562E6C2612E}
	EndGlobalSection
EndGlobal
