
Microsoft Visual Studio Solution File, Format Version 12.00
# Visual Studio Version 16
VisualStudioVersion = 16.0.29418.71
MinimumVisualStudioVersion = 10.0.40219.1
Project("{FAE04EC0-301F-11D3-BF4B-00C04F79EFBC}") = "Bridge.One", "Bridge.One\Bridge.One.csproj", "{110F3CD8-B1E0-4526-8740-3AFAA8019506}"
EndProject
Global
	GlobalSection(SolutionConfigurationPlatforms) = preSolution
		Debug|Any CPU = Debug|Any CPU
		Release|Any CPU = Release|Any CPU
	EndGlobalSection
	GlobalSection(ProjectConfigurationPlatforms) = postSolution
		{110F3CD8-B1E0-4526-8740-3AFAA8019506}.Debug|Any CPU.ActiveCfg = Debug|Any CPU
		{110F3CD8-B1E0-4526-8740-3AFAA8019506}.Debug|Any CPU.Build.0 = Debug|Any CPU
		{110F3CD8-B1E0-4526-8740-3AFAA8019506}.Release|Any CPU.ActiveCfg = Release|Any CPU
		{110F3CD8-B1E0-4526-8740-3AFAA8019506}.Release|Any CPU.Build.0 = Release|Any CPU
	EndGlobalSection
	GlobalSection(SolutionProperties) = preSolution
		HideSolutionNode = FALSE
	EndGlobalSection
	GlobalSection(ExtensibilityGlobals) = postSolution
		SolutionGuid = {DAA354C1-30A3-4FA6-B5C2-D562E6C2612E}
	EndGlobalSection
EndGlobal
